<?xml version="1.0" encoding="utf-8"?>
<Project ToolsVersion="4.0" xmlns="http://schemas.microsoft.com/developer/msbuild/2003">
  <ItemGroup>
    <Filter Include="Source Files">
      <UniqueIdentifier>{4FC737F1-C7A5-4376-A066-2A32D752A2FF}</UniqueIdentifier>
      <Extensions>cpp;c;cc;cxx;def;odl;idl;hpj;bat;asm;asmx</Extensions>
    </Filter>
    <Filter Include="Header Files">
      <UniqueIdentifier>{93995380-89BD-4b04-88EB-625FBE52EBFB}</UniqueIdentifier>
      <Extensions>h;hh;hpp;hxx;hm;inl;inc;xsd</Extensions>
    </Filter>
    <Filter Include="Resource Files">
      <UniqueIdentifier>{D9D6E242-F8AF-46E4-B9FD-80ECBC20BA3E}</UniqueIdentifier>
      <Extensions>qrc;*</Extensions>
      <ParseFiles>false</ParseFiles>
    </Filter>
    <Filter Include="Resource Files">
      <UniqueIdentifier>{D9D6E242-F8AF-46E4-B9FD-80ECBC20BA3E}</UniqueIdentifier>
      <Extensions>qrc;*</Extensions>
      <ParseFiles>false</ParseFiles>
    </Filter>
    <Filter Include="Generated Files">
      <UniqueIdentifier>{71ED8ED8-ACB9-4CE9-BBE1-E00B30144E11}</UniqueIdentifier>
      <Extensions>moc;h;cpp</Extensions>
      <SourceControlFiles>False</SourceControlFiles>
    </Filter>
    <Filter Include="Form Files">
      <UniqueIdentifier>{99349809-55BA-4b9d-BF79-8FDBB0286EB3}</UniqueIdentifier>
      <Extensions>ui</Extensions>
    </Filter>
  </ItemGroup>
  <ItemGroup>
    <ClCompile Include="main.cpp">
      <Filter>Source Files</Filter>
    </ClCompile>
    <ClCompile Include="qFailSafeWizard.cpp">
      <Filter>Source Files</Filter>
    </ClCompile>
    <ClCompile Include="qCheckUSImpedancePage.cpp">
      <Filter>Source Files</Filter>
    </ClCompile>
    <ClCompile Include="qCheckOutputVPage.cpp">
      <Filter>Source Files</Filter>
    </ClCompile>
    <ClCompile Include="qUSIntensityPlot.cpp">
      <Filter>Source Files</Filter>
    </ClCompile>
    <ClCompile Include="qDOWriteThread.cpp">
      <Filter>Source Files</Filter>
    </ClCompile>
    <ClCompile Include="qAIProducerThread.cpp">
      <Filter>Source Files</Filter>
    </ClCompile>
    <ClCompile Include="qAICircularBuff.cpp">
      <Filter>Source Files</Filter>
    </ClCompile>
    <ClCompile Include="qAIConsumerThread.cpp">
      <Filter>Source Files</Filter>
    </ClCompile>
    <ClCompile Include="qFailSafeWin.cpp">
      <Filter>Source Files</Filter>
    </ClCompile>
    <ClCompile Include="qSanityChkDlg.cpp">
      <Filter>Source Files</Filter>
    </ClCompile>
    <ClCompile Include="qLEDs.cpp">
      <Filter>Source Files</Filter>
    </ClCompile>
    <ClCompile Include="qTestFailSafePage.cpp">
      <Filter>Source Files</Filter>
    </ClCompile>
    <ClCompile Include="qSigGenThread.cpp">
      <Filter>Source Files</Filter>
    </ClCompile>
    <ClCompile Include="qIntroPage.cpp">
      <Filter>Source Files</Filter>
    </ClCompile>
    <ClCompile Include="qContAcqAITrigThread.cpp">
      <Filter>Source Files</Filter>
    </ClCompile>
    <ClCompile Include="qV2IntensityDlg.cpp">
      <Filter>Source Files</Filter>
    </ClCompile>
    <ClCompile Include="qManualCheckPage.cpp">
      <Filter>Source Files</Filter>
    </ClCompile>
  </ItemGroup>
  <ItemGroup>
    <QtMoc Include="qFailSafeWizard.h">
      <Filter>Header Files</Filter>
    </QtMoc>
    <QtMoc Include="qCheckUSImpedancePage.h">
      <Filter>Header Files</Filter>
    </QtMoc>
    <QtMoc Include="qCheckOutputVPage.h">
      <Filter>Header Files</Filter>
    </QtMoc>
    <QtMoc Include="qUSIntensityPlot.h">
      <Filter>Header Files</Filter>
    </QtMoc>
    <QtMoc Include="qDOWriteThread.h">
      <Filter>Header Files</Filter>
    </QtMoc>
    <QtMoc Include="qAIProducerThread.h">
      <Filter>Header Files</Filter>
    </QtMoc>
    <QtMoc Include="qAIConsumerThread.h">
      <Filter>Header Files</Filter>
    </QtMoc>
    <QtMoc Include="qFailSafeWin.h">
      <Filter>Header Files</Filter>
    </QtMoc>
    <QtMoc Include="qSanityChkDlg.h">
      <Filter>Header Files</Filter>
    </QtMoc>
    <QtMoc Include="qLEDs.h">
      <Filter>Header Files</Filter>
    </QtMoc>
    <QtMoc Include="qTestFailSafePage.h">
      <Filter>Header Files</Filter>
    </QtMoc>
    <QtMoc Include="qSigGenThread.h">
      <Filter>Header Files</Filter>
    </QtMoc>
    <QtMoc Include="qIntroPage.h">
      <Filter>Header Files</Filter>
    </QtMoc>
    <QtMoc Include="qContAcqAITrigThread.h">
      <Filter>Header Files</Filter>
    </QtMoc>
    <QtMoc Include="qV2IntensityDlg.h">
      <Filter>Header Files</Filter>
    </QtMoc>
    <QtMoc Include="qManualCheckPage.h">
      <Filter>Header Files</Filter>
    </QtMoc>
  </ItemGroup>
  <ItemGroup>
    <QtRcc Include="failSafeC.qrc">
      <Filter>Resource Files</Filter>
    </QtRcc>
  </ItemGroup>
  <ItemGroup>
    <QtUic Include="qCheckUSimpedancePage.ui">
      <Filter>Form Files</Filter>
    </QtUic>
    <QtUic Include="qCheckOutputVPage.ui">
      <Filter>Form Files</Filter>
    </QtUic>
    <QtUic Include="qFailSafeWin.ui">
      <Filter>Form Files</Filter>
    </QtUic>
    <QtUic Include="qSanityChkDlg.ui">
      <Filter>Form Files</Filter>
    </QtUic>
    <QtUic Include="qTestFailSafePage.ui">
      <Filter>Form Files</Filter>
    </QtUic>
    <QtUic Include="qIntroPage.ui">
      <Filter>Form Files</Filter>
    </QtUic>
    <QtUic Include="qV2IntensityDlg.ui">
      <Filter>Form Files</Filter>
    </QtUic>
    <QtUic Include="qManualCheckPage.ui">
      <Filter>Form Files</Filter>
    </QtUic>
  </ItemGroup>
  <ItemGroup>
    <ClInclude Include="qAICircularBuff.h">
      <Filter>Header Files</Filter>
    </ClInclude>
    <ClInclude Include="qPlotBuff.h">
      <Filter>Header Files</Filter>
    </ClInclude>
    <ClInclude Include="failSafeGlobal.h">
      <Filter>Header Files</Filter>
    </ClInclude>
  </ItemGroup>
</Project>